
Microsoft Visual Studio Solution File, Format Version 12.00
# Visual Studio Version 16
VisualStudioVersion = 16.0.30011.22
MinimumVisualStudioVersion = 10.0.40219.1
Project("{2150E333-8FDC-42A3-9474-1A3956D46DE8}") = "Solution Items", "Solution Items", "{82AE4D2C-8CDC-428C-BAA3-EBF8679DC40E}"
	ProjectSection(SolutionItems) = preProject
		VMProp.snippet = VMProp.snippet
	EndProjectSection
EndProject
Project("{2150E333-8FDC-42A3-9474-1A3956D46DE8}") = "client", "client", "{9FFED62C-DFD0-48DE-9F86-E507E571DFFE}"
EndProject
Project("{2150E333-8FDC-42A3-9474-1A3956D46DE8}") = "server", "server", "{36FACFD3-AFAC-4F05-88E4-701FE5215B68}"
EndProject
Project("{2150E333-8FDC-42A3-9474-1A3956D46DE8}") = "shared", "shared", "{C1D302E8-EB33-4C9D-B98F-8B511982E45A}"
EndProject
Project("{FAE04EC0-301F-11D3-BF4B-00C04F79EFBC}") = "Viking.Client.App", "client\Viking.Client.App\Viking.Client.App.csproj", "{8F5CB0BA-A1DA-4474-AA98-8C8D2AF3FFC4}"
EndProject
Project("{9A19103F-16F7-4668-BE54-9A1E7A4F7556}") = "Viking.Common", "shared\Viking.Common\Viking.Common.csproj", "{60F51785-1B71-4931-825C-FADF9B635D94}"
EndProject
Project("{9A19103F-16F7-4668-BE54-9A1E7A4F7556}") = "Viking.Server.API", "server\Viking.Server.API\Viking.Server.API.csproj", "{3C1AEEEA-6C64-41F1-861E-339DD3F8E917}"
EndProject
Project("{9A19103F-16F7-4668-BE54-9A1E7A4F7556}") = "Viking.Entities", "shared\Viking.Entities\Viking.Entities.csproj", "{D7592177-0407-4768-93D0-14B4660D15F2}"
EndProject
Project("{9A19103F-16F7-4668-BE54-9A1E7A4F7556}") = "Viking.Contexts", "shared\Viking.Contexts\Viking.Contexts.csproj", "{28FF975C-C8EA-486A-A483-170FF07483D5}"
EndProject
Project("{9A19103F-16F7-4668-BE54-9A1E7A4F7556}") = "Viking.Client.Services", "client\Viking.Client.Services\Viking.Client.Services.csproj", "{FF4184E4-DA12-4A76-90B6-3C0F28092B27}"
EndProject
Project("{9A19103F-16F7-4668-BE54-9A1E7A4F7556}") = "Vikings.Models", "shared\Vikings.Models\Vikings.Models.csproj", "{9549B202-1B6F-437E-8C9D-B00905B40319}"
EndProject
Project("{9A19103F-16F7-4668-BE54-9A1E7A4F7556}") = "Viking.Server.Services", "server\Viking.Server.Services\Viking.Server.Services.csproj", "{9D2AE955-F3E3-417F-8C6B-E0F3806AC363}"
EndProject
Project("{9A19103F-16F7-4668-BE54-9A1E7A4F7556}") = "Viking.Client.Blazor", "client\Viking.Client.Blazor\Viking.Client.Blazor.csproj", "{1E81993C-A704-4C1D-8BBB-93942BCD8A5F}"
EndProject
Project("{FAE04EC0-301F-11D3-BF4B-00C04F79EFBC}") = "Viking.Client.Blazor.Components", "client\Viking.Client.Blazor.Components\Viking.Client.Blazor.Components.csproj", "{31007EC6-926F-4785-847A-75B311897314}"
EndProject
Global
	GlobalSection(SolutionConfigurationPlatforms) = preSolution
		Debug|Any CPU = Debug|Any CPU
		Debug|ARM = Debug|ARM
		Debug|ARM64 = Debug|ARM64
		Debug|x64 = Debug|x64
		Debug|x86 = Debug|x86
		Release|Any CPU = Release|Any CPU
		Release|ARM = Release|ARM
		Release|ARM64 = Release|ARM64
		Release|x64 = Release|x64
		Release|x86 = Release|x86
	EndGlobalSection
	GlobalSection(ProjectConfigurationPlatforms) = postSolution
		{8F5CB0BA-A1DA-4474-AA98-8C8D2AF3FFC4}.Debug|Any CPU.ActiveCfg = Debug|x86
		{8F5CB0BA-A1DA-4474-AA98-8C8D2AF3FFC4}.Debug|ARM.ActiveCfg = Debug|ARM
		{8F5CB0BA-A1DA-4474-AA98-8C8D2AF3FFC4}.Debug|ARM.Build.0 = Debug|ARM
		{8F5CB0BA-A1DA-4474-AA98-8C8D2AF3FFC4}.Debug|ARM.Deploy.0 = Debug|ARM
		{8F5CB0BA-A1DA-4474-AA98-8C8D2AF3FFC4}.Debug|ARM64.ActiveCfg = Debug|ARM64
		{8F5CB0BA-A1DA-4474-AA98-8C8D2AF3FFC4}.Debug|ARM64.Build.0 = Debug|ARM64
		{8F5CB0BA-A1DA-4474-AA98-8C8D2AF3FFC4}.Debug|ARM64.Deploy.0 = Debug|ARM64
		{8F5CB0BA-A1DA-4474-AA98-8C8D2AF3FFC4}.Debug|x64.ActiveCfg = Debug|x64
		{8F5CB0BA-A1DA-4474-AA98-8C8D2AF3FFC4}.Debug|x64.Build.0 = Debug|x64
		{8F5CB0BA-A1DA-4474-AA98-8C8D2AF3FFC4}.Debug|x64.Deploy.0 = Debug|x64
		{8F5CB0BA-A1DA-4474-AA98-8C8D2AF3FFC4}.Debug|x86.ActiveCfg = Debug|x86
		{8F5CB0BA-A1DA-4474-AA98-8C8D2AF3FFC4}.Debug|x86.Build.0 = Debug|x86
		{8F5CB0BA-A1DA-4474-AA98-8C8D2AF3FFC4}.Debug|x86.Deploy.0 = Debug|x86
		{8F5CB0BA-A1DA-4474-AA98-8C8D2AF3FFC4}.Release|Any CPU.ActiveCfg = Release|x86
		{8F5CB0BA-A1DA-4474-AA98-8C8D2AF3FFC4}.Release|ARM.ActiveCfg = Release|ARM
		{8F5CB0BA-A1DA-4474-AA98-8C8D2AF3FFC4}.Release|ARM.Build.0 = Release|ARM
		{8F5CB0BA-A1DA-4474-AA98-8C8D2AF3FFC4}.Release|ARM.Deploy.0 = Release|ARM
		{8F5CB0BA-A1DA-4474-AA98-8C8D2AF3FFC4}.Release|ARM64.ActiveCfg = Release|ARM64
		{8F5CB0BA-A1DA-4474-AA98-8C8D2AF3FFC4}.Release|ARM64.Build.0 = Release|ARM64
		{8F5CB0BA-A1DA-4474-AA98-8C8D2AF3FFC4}.Release|ARM64.Deploy.0 = Release|ARM64
		{8F5CB0BA-A1DA-4474-AA98-8C8D2AF3FFC4}.Release|x64.ActiveCfg = Release|x64
		{8F5CB0BA-A1DA-4474-AA98-8C8D2AF3FFC4}.Release|x64.Build.0 = Release|x64
		{8F5CB0BA-A1DA-4474-AA98-8C8D2AF3FFC4}.Release|x64.Deploy.0 = Release|x64
		{8F5CB0BA-A1DA-4474-AA98-8C8D2AF3FFC4}.Release|x86.ActiveCfg = Release|x86
		{8F5CB0BA-A1DA-4474-AA98-8C8D2AF3FFC4}.Release|x86.Build.0 = Release|x86
		{8F5CB0BA-A1DA-4474-AA98-8C8D2AF3FFC4}.Release|x86.Deploy.0 = Release|x86
		{60F51785-1B71-4931-825C-FADF9B635D94}.Debug|Any CPU.ActiveCfg = Debug|Any CPU
		{60F51785-1B71-4931-825C-FADF9B635D94}.Debug|Any CPU.Build.0 = Debug|Any CPU
		{60F51785-1B71-4931-825C-FADF9B635D94}.Debug|ARM.ActiveCfg = Debug|Any CPU
		{60F51785-1B71-4931-825C-FADF9B635D94}.Debug|ARM.Build.0 = Debug|Any CPU
		{60F51785-1B71-4931-825C-FADF9B635D94}.Debug|ARM64.ActiveCfg = Debug|Any CPU
		{60F51785-1B71-4931-825C-FADF9B635D94}.Debug|ARM64.Build.0 = Debug|Any CPU
		{60F51785-1B71-4931-825C-FADF9B635D94}.Debug|x64.ActiveCfg = Debug|Any CPU
		{60F51785-1B71-4931-825C-FADF9B635D94}.Debug|x64.Build.0 = Debug|Any CPU
		{60F51785-1B71-4931-825C-FADF9B635D94}.Debug|x86.ActiveCfg = Debug|Any CPU
		{60F51785-1B71-4931-825C-FADF9B635D94}.Debug|x86.Build.0 = Debug|Any CPU
		{60F51785-1B71-4931-825C-FADF9B635D94}.Release|Any CPU.ActiveCfg = Release|Any CPU
		{60F51785-1B71-4931-825C-FADF9B635D94}.Release|Any CPU.Build.0 = Release|Any CPU
		{60F51785-1B71-4931-825C-FADF9B635D94}.Release|ARM.ActiveCfg = Release|Any CPU
		{60F51785-1B71-4931-825C-FADF9B635D94}.Release|ARM.Build.0 = Release|Any CPU
		{60F51785-1B71-4931-825C-FADF9B635D94}.Release|ARM64.ActiveCfg = Release|Any CPU
		{60F51785-1B71-4931-825C-FADF9B635D94}.Release|ARM64.Build.0 = Release|Any CPU
		{60F51785-1B71-4931-825C-FADF9B635D94}.Release|x64.ActiveCfg = Release|Any CPU
		{60F51785-1B71-4931-825C-FADF9B635D94}.Release|x64.Build.0 = Release|Any CPU
		{60F51785-1B71-4931-825C-FADF9B635D94}.Release|x86.ActiveCfg = Release|Any CPU
		{60F51785-1B71-4931-825C-FADF9B635D94}.Release|x86.Build.0 = Release|Any CPU
		{3C1AEEEA-6C64-41F1-861E-339DD3F8E917}.Debug|Any CPU.ActiveCfg = Debug|Any CPU
		{3C1AEEEA-6C64-41F1-861E-339DD3F8E917}.Debug|Any CPU.Build.0 = Debug|Any CPU
		{3C1AEEEA-6C64-41F1-861E-339DD3F8E917}.Debug|ARM.ActiveCfg = Debug|Any CPU
		{3C1AEEEA-6C64-41F1-861E-339DD3F8E917}.Debug|ARM.Build.0 = Debug|Any CPU
		{3C1AEEEA-6C64-41F1-861E-339DD3F8E917}.Debug|ARM64.ActiveCfg = Debug|Any CPU
		{3C1AEEEA-6C64-41F1-861E-339DD3F8E917}.Debug|ARM64.Build.0 = Debug|Any CPU
		{3C1AEEEA-6C64-41F1-861E-339DD3F8E917}.Debug|x64.ActiveCfg = Debug|Any CPU
		{3C1AEEEA-6C64-41F1-861E-339DD3F8E917}.Debug|x64.Build.0 = Debug|Any CPU
		{3C1AEEEA-6C64-41F1-861E-339DD3F8E917}.Debug|x86.ActiveCfg = Debug|Any CPU
		{3C1AEEEA-6C64-41F1-861E-339DD3F8E917}.Debug|x86.Build.0 = Debug|Any CPU
		{3C1AEEEA-6C64-41F1-861E-339DD3F8E917}.Release|Any CPU.ActiveCfg = Release|Any CPU
		{3C1AEEEA-6C64-41F1-861E-339DD3F8E917}.Release|Any CPU.Build.0 = Release|Any CPU
		{3C1AEEEA-6C64-41F1-861E-339DD3F8E917}.Release|ARM.ActiveCfg = Release|Any CPU
		{3C1AEEEA-6C64-41F1-861E-339DD3F8E917}.Release|ARM.Build.0 = Release|Any CPU
		{3C1AEEEA-6C64-41F1-861E-339DD3F8E917}.Release|ARM64.ActiveCfg = Release|Any CPU
		{3C1AEEEA-6C64-41F1-861E-339DD3F8E917}.Release|ARM64.Build.0 = Release|Any CPU
		{3C1AEEEA-6C64-41F1-861E-339DD3F8E917}.Release|x64.ActiveCfg = Release|Any CPU
		{3C1AEEEA-6C64-41F1-861E-339DD3F8E917}.Release|x64.Build.0 = Release|Any CPU
		{3C1AEEEA-6C64-41F1-861E-339DD3F8E917}.Release|x86.ActiveCfg = Release|Any CPU
		{3C1AEEEA-6C64-41F1-861E-339DD3F8E917}.Release|x86.Build.0 = Release|Any CPU
		{D7592177-0407-4768-93D0-14B4660D15F2}.Debug|Any CPU.ActiveCfg = Debug|Any CPU
		{D7592177-0407-4768-93D0-14B4660D15F2}.Debug|Any CPU.Build.0 = Debug|Any CPU
		{D7592177-0407-4768-93D0-14B4660D15F2}.Debug|ARM.ActiveCfg = Debug|Any CPU
		{D7592177-0407-4768-93D0-14B4660D15F2}.Debug|ARM.Build.0 = Debug|Any CPU
		{D7592177-0407-4768-93D0-14B4660D15F2}.Debug|ARM64.ActiveCfg = Debug|Any CPU
		{D7592177-0407-4768-93D0-14B4660D15F2}.Debug|ARM64.Build.0 = Debug|Any CPU
		{D7592177-0407-4768-93D0-14B4660D15F2}.Debug|x64.ActiveCfg = Debug|Any CPU
		{D7592177-0407-4768-93D0-14B4660D15F2}.Debug|x64.Build.0 = Debug|Any CPU
		{D7592177-0407-4768-93D0-14B4660D15F2}.Debug|x86.ActiveCfg = Debug|Any CPU
		{D7592177-0407-4768-93D0-14B4660D15F2}.Debug|x86.Build.0 = Debug|Any CPU
		{D7592177-0407-4768-93D0-14B4660D15F2}.Release|Any CPU.ActiveCfg = Release|Any CPU
		{D7592177-0407-4768-93D0-14B4660D15F2}.Release|Any CPU.Build.0 = Release|Any CPU
		{D7592177-0407-4768-93D0-14B4660D15F2}.Release|ARM.ActiveCfg = Release|Any CPU
		{D7592177-0407-4768-93D0-14B4660D15F2}.Release|ARM.Build.0 = Release|Any CPU
		{D7592177-0407-4768-93D0-14B4660D15F2}.Release|ARM64.ActiveCfg = Release|Any CPU
		{D7592177-0407-4768-93D0-14B4660D15F2}.Release|ARM64.Build.0 = Release|Any CPU
		{D7592177-0407-4768-93D0-14B4660D15F2}.Release|x64.ActiveCfg = Release|Any CPU
		{D7592177-0407-4768-93D0-14B4660D15F2}.Release|x64.Build.0 = Release|Any CPU
		{D7592177-0407-4768-93D0-14B4660D15F2}.Release|x86.ActiveCfg = Release|Any CPU
		{D7592177-0407-4768-93D0-14B4660D15F2}.Release|x86.Build.0 = Release|Any CPU
		{28FF975C-C8EA-486A-A483-170FF07483D5}.Debug|Any CPU.ActiveCfg = Debug|Any CPU
		{28FF975C-C8EA-486A-A483-170FF07483D5}.Debug|Any CPU.Build.0 = Debug|Any CPU
		{28FF975C-C8EA-486A-A483-170FF07483D5}.Debug|ARM.ActiveCfg = Debug|Any CPU
		{28FF975C-C8EA-486A-A483-170FF07483D5}.Debug|ARM.Build.0 = Debug|Any CPU
		{28FF975C-C8EA-486A-A483-170FF07483D5}.Debug|ARM64.ActiveCfg = Debug|Any CPU
		{28FF975C-C8EA-486A-A483-170FF07483D5}.Debug|ARM64.Build.0 = Debug|Any CPU
		{28FF975C-C8EA-486A-A483-170FF07483D5}.Debug|x64.ActiveCfg = Debug|Any CPU
		{28FF975C-C8EA-486A-A483-170FF07483D5}.Debug|x64.Build.0 = Debug|Any CPU
		{28FF975C-C8EA-486A-A483-170FF07483D5}.Debug|x86.ActiveCfg = Debug|Any CPU
		{28FF975C-C8EA-486A-A483-170FF07483D5}.Debug|x86.Build.0 = Debug|Any CPU
		{28FF975C-C8EA-486A-A483-170FF07483D5}.Release|Any CPU.ActiveCfg = Release|Any CPU
		{28FF975C-C8EA-486A-A483-170FF07483D5}.Release|Any CPU.Build.0 = Release|Any CPU
		{28FF975C-C8EA-486A-A483-170FF07483D5}.Release|ARM.ActiveCfg = Release|Any CPU
		{28FF975C-C8EA-486A-A483-170FF07483D5}.Release|ARM.Build.0 = Release|Any CPU
		{28FF975C-C8EA-486A-A483-170FF07483D5}.Release|ARM64.ActiveCfg = Release|Any CPU
		{28FF975C-C8EA-486A-A483-170FF07483D5}.Release|ARM64.Build.0 = Release|Any CPU
		{28FF975C-C8EA-486A-A483-170FF07483D5}.Release|x64.ActiveCfg = Release|Any CPU
		{28FF975C-C8EA-486A-A483-170FF07483D5}.Release|x64.Build.0 = Release|Any CPU
		{28FF975C-C8EA-486A-A483-170FF07483D5}.Release|x86.ActiveCfg = Release|Any CPU
		{28FF975C-C8EA-486A-A483-170FF07483D5}.Release|x86.Build.0 = Release|Any CPU
		{FF4184E4-DA12-4A76-90B6-3C0F28092B27}.Debug|Any CPU.ActiveCfg = Debug|Any CPU
		{FF4184E4-DA12-4A76-90B6-3C0F28092B27}.Debug|Any CPU.Build.0 = Debug|Any CPU
		{FF4184E4-DA12-4A76-90B6-3C0F28092B27}.Debug|ARM.ActiveCfg = Debug|Any CPU
		{FF4184E4-DA12-4A76-90B6-3C0F28092B27}.Debug|ARM.Build.0 = Debug|Any CPU
		{FF4184E4-DA12-4A76-90B6-3C0F28092B27}.Debug|ARM64.ActiveCfg = Debug|Any CPU
		{FF4184E4-DA12-4A76-90B6-3C0F28092B27}.Debug|ARM64.Build.0 = Debug|Any CPU
		{FF4184E4-DA12-4A76-90B6-3C0F28092B27}.Debug|x64.ActiveCfg = Debug|Any CPU
		{FF4184E4-DA12-4A76-90B6-3C0F28092B27}.Debug|x64.Build.0 = Debug|Any CPU
		{FF4184E4-DA12-4A76-90B6-3C0F28092B27}.Debug|x86.ActiveCfg = Debug|Any CPU
		{FF4184E4-DA12-4A76-90B6-3C0F28092B27}.Debug|x86.Build.0 = Debug|Any CPU
		{FF4184E4-DA12-4A76-90B6-3C0F28092B27}.Release|Any CPU.ActiveCfg = Release|Any CPU
		{FF4184E4-DA12-4A76-90B6-3C0F28092B27}.Release|Any CPU.Build.0 = Release|Any CPU
		{FF4184E4-DA12-4A76-90B6-3C0F28092B27}.Release|ARM.ActiveCfg = Release|Any CPU
		{FF4184E4-DA12-4A76-90B6-3C0F28092B27}.Release|ARM.Build.0 = Release|Any CPU
		{FF4184E4-DA12-4A76-90B6-3C0F28092B27}.Release|ARM64.ActiveCfg = Release|Any CPU
		{FF4184E4-DA12-4A76-90B6-3C0F28092B27}.Release|ARM64.Build.0 = Release|Any CPU
		{FF4184E4-DA12-4A76-90B6-3C0F28092B27}.Release|x64.ActiveCfg = Release|Any CPU
		{FF4184E4-DA12-4A76-90B6-3C0F28092B27}.Release|x64.Build.0 = Release|Any CPU
		{FF4184E4-DA12-4A76-90B6-3C0F28092B27}.Release|x86.ActiveCfg = Release|Any CPU
		{FF4184E4-DA12-4A76-90B6-3C0F28092B27}.Release|x86.Build.0 = Release|Any CPU
		{9549B202-1B6F-437E-8C9D-B00905B40319}.Debug|Any CPU.ActiveCfg = Debug|Any CPU
		{9549B202-1B6F-437E-8C9D-B00905B40319}.Debug|Any CPU.Build.0 = Debug|Any CPU
		{9549B202-1B6F-437E-8C9D-B00905B40319}.Debug|ARM.ActiveCfg = Debug|Any CPU
		{9549B202-1B6F-437E-8C9D-B00905B40319}.Debug|ARM.Build.0 = Debug|Any CPU
		{9549B202-1B6F-437E-8C9D-B00905B40319}.Debug|ARM64.ActiveCfg = Debug|Any CPU
		{9549B202-1B6F-437E-8C9D-B00905B40319}.Debug|ARM64.Build.0 = Debug|Any CPU
		{9549B202-1B6F-437E-8C9D-B00905B40319}.Debug|x64.ActiveCfg = Debug|Any CPU
		{9549B202-1B6F-437E-8C9D-B00905B40319}.Debug|x64.Build.0 = Debug|Any CPU
		{9549B202-1B6F-437E-8C9D-B00905B40319}.Debug|x86.ActiveCfg = Debug|Any CPU
		{9549B202-1B6F-437E-8C9D-B00905B40319}.Debug|x86.Build.0 = Debug|Any CPU
		{9549B202-1B6F-437E-8C9D-B00905B40319}.Release|Any CPU.ActiveCfg = Release|Any CPU
		{9549B202-1B6F-437E-8C9D-B00905B40319}.Release|Any CPU.Build.0 = Release|Any CPU
		{9549B202-1B6F-437E-8C9D-B00905B40319}.Release|ARM.ActiveCfg = Release|Any CPU
		{9549B202-1B6F-437E-8C9D-B00905B40319}.Release|ARM.Build.0 = Release|Any CPU
		{9549B202-1B6F-437E-8C9D-B00905B40319}.Release|ARM64.ActiveCfg = Release|Any CPU
		{9549B202-1B6F-437E-8C9D-B00905B40319}.Release|ARM64.Build.0 = Release|Any CPU
		{9549B202-1B6F-437E-8C9D-B00905B40319}.Release|x64.ActiveCfg = Release|Any CPU
		{9549B202-1B6F-437E-8C9D-B00905B40319}.Release|x64.Build.0 = Release|Any CPU
		{9549B202-1B6F-437E-8C9D-B00905B40319}.Release|x86.ActiveCfg = Release|Any CPU
		{9549B202-1B6F-437E-8C9D-B00905B40319}.Release|x86.Build.0 = Release|Any CPU
		{9D2AE955-F3E3-417F-8C6B-E0F3806AC363}.Debug|Any CPU.ActiveCfg = Debug|Any CPU
		{9D2AE955-F3E3-417F-8C6B-E0F3806AC363}.Debug|Any CPU.Build.0 = Debug|Any CPU
		{9D2AE955-F3E3-417F-8C6B-E0F3806AC363}.Debug|ARM.ActiveCfg = Debug|Any CPU
		{9D2AE955-F3E3-417F-8C6B-E0F3806AC363}.Debug|ARM.Build.0 = Debug|Any CPU
		{9D2AE955-F3E3-417F-8C6B-E0F3806AC363}.Debug|ARM64.ActiveCfg = Debug|Any CPU
		{9D2AE955-F3E3-417F-8C6B-E0F3806AC363}.Debug|ARM64.Build.0 = Debug|Any CPU
		{9D2AE955-F3E3-417F-8C6B-E0F3806AC363}.Debug|x64.ActiveCfg = Debug|Any CPU
		{9D2AE955-F3E3-417F-8C6B-E0F3806AC363}.Debug|x64.Build.0 = Debug|Any CPU
		{9D2AE955-F3E3-417F-8C6B-E0F3806AC363}.Debug|x86.ActiveCfg = Debug|Any CPU
		{9D2AE955-F3E3-417F-8C6B-E0F3806AC363}.Debug|x86.Build.0 = Debug|Any CPU
		{9D2AE955-F3E3-417F-8C6B-E0F3806AC363}.Release|Any CPU.ActiveCfg = Release|Any CPU
		{9D2AE955-F3E3-417F-8C6B-E0F3806AC363}.Release|Any CPU.Build.0 = Release|Any CPU
		{9D2AE955-F3E3-417F-8C6B-E0F3806AC363}.Release|ARM.ActiveCfg = Release|Any CPU
		{9D2AE955-F3E3-417F-8C6B-E0F3806AC363}.Release|ARM.Build.0 = Release|Any CPU
		{9D2AE955-F3E3-417F-8C6B-E0F3806AC363}.Release|ARM64.ActiveCfg = Release|Any CPU
		{9D2AE955-F3E3-417F-8C6B-E0F3806AC363}.Release|ARM64.Build.0 = Release|Any CPU
		{9D2AE955-F3E3-417F-8C6B-E0F3806AC363}.Release|x64.ActiveCfg = Release|Any CPU
		{9D2AE955-F3E3-417F-8C6B-E0F3806AC363}.Release|x64.Build.0 = Release|Any CPU
		{9D2AE955-F3E3-417F-8C6B-E0F3806AC363}.Release|x86.ActiveCfg = Release|Any CPU
		{9D2AE955-F3E3-417F-8C6B-E0F3806AC363}.Release|x86.Build.0 = Release|Any CPU
		{1E81993C-A704-4C1D-8BBB-93942BCD8A5F}.Debug|Any CPU.ActiveCfg = Debug|Any CPU
		{1E81993C-A704-4C1D-8BBB-93942BCD8A5F}.Debug|Any CPU.Build.0 = Debug|Any CPU
		{1E81993C-A704-4C1D-8BBB-93942BCD8A5F}.Debug|ARM.ActiveCfg = Debug|Any CPU
		{1E81993C-A704-4C1D-8BBB-93942BCD8A5F}.Debug|ARM.Build.0 = Debug|Any CPU
		{1E81993C-A704-4C1D-8BBB-93942BCD8A5F}.Debug|ARM64.ActiveCfg = Debug|Any CPU
		{1E81993C-A704-4C1D-8BBB-93942BCD8A5F}.Debug|ARM64.Build.0 = Debug|Any CPU
		{1E81993C-A704-4C1D-8BBB-93942BCD8A5F}.Debug|x64.ActiveCfg = Debug|Any CPU
		{1E81993C-A704-4C1D-8BBB-93942BCD8A5F}.Debug|x64.Build.0 = Debug|Any CPU
		{1E81993C-A704-4C1D-8BBB-93942BCD8A5F}.Debug|x86.ActiveCfg = Debug|Any CPU
		{1E81993C-A704-4C1D-8BBB-93942BCD8A5F}.Debug|x86.Build.0 = Debug|Any CPU
		{1E81993C-A704-4C1D-8BBB-93942BCD8A5F}.Release|Any CPU.ActiveCfg = Release|Any CPU
		{1E81993C-A704-4C1D-8BBB-93942BCD8A5F}.Release|Any CPU.Build.0 = Release|Any CPU
		{1E81993C-A704-4C1D-8BBB-93942BCD8A5F}.Release|ARM.ActiveCfg = Release|Any CPU
		{1E81993C-A704-4C1D-8BBB-93942BCD8A5F}.Release|ARM.Build.0 = Release|Any CPU
		{1E81993C-A704-4C1D-8BBB-93942BCD8A5F}.Release|ARM64.ActiveCfg = Release|Any CPU
		{1E81993C-A704-4C1D-8BBB-93942BCD8A5F}.Release|ARM64.Build.0 = Release|Any CPU
		{1E81993C-A704-4C1D-8BBB-93942BCD8A5F}.Release|x64.ActiveCfg = Release|Any CPU
		{1E81993C-A704-4C1D-8BBB-93942BCD8A5F}.Release|x64.Build.0 = Release|Any CPU
		{1E81993C-A704-4C1D-8BBB-93942BCD8A5F}.Release|x86.ActiveCfg = Release|Any CPU
		{1E81993C-A704-4C1D-8BBB-93942BCD8A5F}.Release|x86.Build.0 = Release|Any CPU
		{31007EC6-926F-4785-847A-75B311897314}.Debug|Any CPU.ActiveCfg = Debug|Any CPU
		{31007EC6-926F-4785-847A-75B311897314}.Debug|Any CPU.Build.0 = Debug|Any CPU
		{31007EC6-926F-4785-847A-75B311897314}.Debug|ARM.ActiveCfg = Debug|Any CPU
		{31007EC6-926F-4785-847A-75B311897314}.Debug|ARM.Build.0 = Debug|Any CPU
		{31007EC6-926F-4785-847A-75B311897314}.Debug|ARM64.ActiveCfg = Debug|Any CPU
		{31007EC6-926F-4785-847A-75B311897314}.Debug|ARM64.Build.0 = Debug|Any CPU
		{31007EC6-926F-4785-847A-75B311897314}.Debug|x64.ActiveCfg = Debug|Any CPU
		{31007EC6-926F-4785-847A-75B311897314}.Debug|x64.Build.0 = Debug|Any CPU
		{31007EC6-926F-4785-847A-75B311897314}.Debug|x86.ActiveCfg = Debug|Any CPU
		{31007EC6-926F-4785-847A-75B311897314}.Debug|x86.Build.0 = Debug|Any CPU
		{31007EC6-926F-4785-847A-75B311897314}.Release|Any CPU.ActiveCfg = Release|Any CPU
		{31007EC6-926F-4785-847A-75B311897314}.Release|Any CPU.Build.0 = Release|Any CPU
		{31007EC6-926F-4785-847A-75B311897314}.Release|ARM.ActiveCfg = Release|Any CPU
		{31007EC6-926F-4785-847A-75B311897314}.Release|ARM.Build.0 = Release|Any CPU
		{31007EC6-926F-4785-847A-75B311897314}.Release|ARM64.ActiveCfg = Release|Any CPU
		{31007EC6-926F-4785-847A-75B311897314}.Release|ARM64.Build.0 = Release|Any CPU
		{31007EC6-926F-4785-847A-75B311897314}.Release|x64.ActiveCfg = Release|Any CPU
		{31007EC6-926F-4785-847A-75B311897314}.Release|x64.Build.0 = Release|Any CPU
		{31007EC6-926F-4785-847A-75B311897314}.Release|x86.ActiveCfg = Release|Any CPU
		{31007EC6-926F-4785-847A-75B311897314}.Release|x86.Build.0 = Release|Any CPU
	EndGlobalSection
	GlobalSection(SolutionProperties) = preSolution
		HideSolutionNode = FALSE
	EndGlobalSection
	GlobalSection(NestedProjects) = preSolution
		{8F5CB0BA-A1DA-4474-AA98-8C8D2AF3FFC4} = {9FFED62C-DFD0-48DE-9F86-E507E571DFFE}
		{60F51785-1B71-4931-825C-FADF9B635D94} = {C1D302E8-EB33-4C9D-B98F-8B511982E45A}
		{3C1AEEEA-6C64-41F1-861E-339DD3F8E917} = {36FACFD3-AFAC-4F05-88E4-701FE5215B68}
		{D7592177-0407-4768-93D0-14B4660D15F2} = {C1D302E8-EB33-4C9D-B98F-8B511982E45A}
		{28FF975C-C8EA-486A-A483-170FF07483D5} = {C1D302E8-EB33-4C9D-B98F-8B511982E45A}
		{FF4184E4-DA12-4A76-90B6-3C0F28092B27} = {9FFED62C-DFD0-48DE-9F86-E507E571DFFE}
		{9549B202-1B6F-437E-8C9D-B00905B40319} = {C1D302E8-EB33-4C9D-B98F-8B511982E45A}
		{9D2AE955-F3E3-417F-8C6B-E0F3806AC363} = {36FACFD3-AFAC-4F05-88E4-701FE5215B68}
		{1E81993C-A704-4C1D-8BBB-93942BCD8A5F} = {9FFED62C-DFD0-48DE-9F86-E507E571DFFE}
		{31007EC6-926F-4785-847A-75B311897314} = {9FFED62C-DFD0-48DE-9F86-E507E571DFFE}
	EndGlobalSection
	GlobalSection(ExtensibilityGlobals) = postSolution
		SolutionGuid = {DC20F00C-572F-41BC-8047-9B77E075CFFF}
	EndGlobalSection
EndGlobal
